
Microsoft Visual Studio Solution File, Format Version 12.00
# Visual Studio Version 17
VisualStudioVersion = 17.9.34728.123
MinimumVisualStudioVersion = 10.0.40219.1
Project("{FAE04EC0-301F-11D3-BF4B-00C04F79EFBC}") = "Ks.Mobile.Notifications", "Ks.Mobile.Notifications\Ks.Mobile.Notifications.csproj", "{C4C36C26-840A-49C3-A034-BCC71EA3EB49}"
EndProject
Global
	GlobalSection(SolutionConfigurationPlatforms) = preSolution
		Debug|Any CPU = Debug|Any CPU
		Release|Any CPU = Release|Any CPU
	EndGlobalSection
	GlobalSection(ProjectConfigurationPlatforms) = postSolution
		{C4C36C26-840A-49C3-A034-BCC71EA3EB49}.Debug|Any CPU.ActiveCfg = Debug|Any CPU
		{C4C36C26-840A-49C3-A034-BCC71EA3EB49}.Debug|Any CPU.Build.0 = Debug|Any CPU
		{C4C36C26-840A-49C3-A034-BCC71EA3EB49}.Release|Any CPU.ActiveCfg = Release|Any CPU
		{C4C36C26-840A-49C3-A034-BCC71EA3EB49}.Release|Any CPU.Build.0 = Release|Any CPU
	EndGlobalSection
	GlobalSection(SolutionProperties) = preSolution
		HideSolutionNode = FALSE
	EndGlobalSection
	GlobalSection(ExtensibilityGlobals) = postSolution
		SolutionGuid = {F232D96A-D887-4FFF-A609-078CEA626433}
	EndGlobalSection
EndGlobal
